
Microsoft Visual Studio Solution File, Format Version 12.00
# Visual Studio Version 17
VisualStudioVersion = 17.10.35201.131
MinimumVisualStudioVersion = 10.0.40219.1
Project("{FAE04EC0-301F-11D3-BF4B-00C04F79EFBC}") = "railwaystation", "railwaystation\railwaystation.csproj", "{AFE80EBC-D79C-45C0-A007-A4C9FD9E6E18}"
EndProject
Global
	GlobalSection(SolutionConfigurationPlatforms) = preSolution
		Debug|Any CPU = Debug|Any CPU
		Release|Any CPU = Release|Any CPU
	EndGlobalSection
	GlobalSection(ProjectConfigurationPlatforms) = postSolution
		{AFE80EBC-D79C-45C0-A007-A4C9FD9E6E18}.Debug|Any CPU.ActiveCfg = Debug|Any CPU
		{AFE80EBC-D79C-45C0-A007-A4C9FD9E6E18}.Debug|Any CPU.Build.0 = Debug|Any CPU
		{AFE80EBC-D79C-45C0-A007-A4C9FD9E6E18}.Release|Any CPU.ActiveCfg = Release|Any CPU
		{AFE80EBC-D79C-45C0-A007-A4C9FD9E6E18}.Release|Any CPU.Build.0 = Release|Any CPU
	EndGlobalSection
	GlobalSection(SolutionProperties) = preSolution
		HideSolutionNode = FALSE
	EndGlobalSection
	GlobalSection(ExtensibilityGlobals) = postSolution
		SolutionGuid = {8CA22DF5-3BE5-462A-9964-32FFC8749B4B}
	EndGlobalSection
EndGlobal
